// !$*UTF8*$!
{
	archiveVersion = 1;
	classes = {
	};
	objectVersion = 56;
	objects = {

/* Begin PBXBuildFile section */
		2F04170529EDC91900AEA96A /* AppDelegate.swift in Sources */ = {isa = PBXBuildFile; fileRef = 2F04170429EDC91900AEA96A /* AppDelegate.swift */; };
		2F04170729EDC91900AEA96A /* SceneDelegate.swift in Sources */ = {isa = PBXBuildFile; fileRef = 2F04170629EDC91900AEA96A /* SceneDelegate.swift */; };
		2F04170C29EDC91900AEA96A /* Main.storyboard in Resources */ = {isa = PBXBuildFile; fileRef = 2F04170A29EDC91900AEA96A /* Main.storyboard */; };
		2F04170E29EDC91A00AEA96A /* Assets.xcassets in Resources */ = {isa = PBXBuildFile; fileRef = 2F04170D29EDC91A00AEA96A /* Assets.xcassets */; };
		2F04171129EDC91A00AEA96A /* LaunchScreen.storyboard in Resources */ = {isa = PBXBuildFile; fileRef = 2F04170F29EDC91A00AEA96A /* LaunchScreen.storyboard */; };
		2F04171E29EDC9FA00AEA96A /* MusicTableViewController.swift in Sources */ = {isa = PBXBuildFile; fileRef = 2F04171D29EDC9FA00AEA96A /* MusicTableViewController.swift */; };
		2F04172129EDCA7300AEA96A /* Music.swift in Sources */ = {isa = PBXBuildFile; fileRef = 2F04172029EDCA7300AEA96A /* Music.swift */; };
		2F04172329EDCADF00AEA96A /* Musicitem.swift in Sources */ = {isa = PBXBuildFile; fileRef = 2F04172229EDCADF00AEA96A /* Musicitem.swift */; };
		2F5CE58929EE74BE00CC2329 /* MovieTableViewController.swift in Sources */ = {isa = PBXBuildFile; fileRef = 2F5CE58829EE74BE00CC2329 /* MovieTableViewController.swift */; };
		2F5CE58C29EE755C00CC2329 /* MovieManager.swift in Sources */ = {isa = PBXBuildFile; fileRef = 2F5CE58B29EE755C00CC2329 /* MovieManager.swift */; };
		2F5CE58F29EE7BED00CC2329 /* Movie.swift in Sources */ = {isa = PBXBuildFile; fileRef = 2F5CE58E29EE7BED00CC2329 /* Movie.swift */; };
		2F5CE59229EE813700CC2329 /* MovieTableViewCell.swift in Sources */ = {isa = PBXBuildFile; fileRef = 2F5CE59129EE813700CC2329 /* MovieTableViewCell.swift */; };
		2F5CE59429EEF8CF00CC2329 /* MovieInfoViewController.swift in Sources */ = {isa = PBXBuildFile; fileRef = 2F5CE59329EEF8CF00CC2329 /* MovieInfoViewController.swift */; };
		2F5CE59729EF01F100CC2329 /* AboutViewController.swift in Sources */ = {isa = PBXBuildFile; fileRef = 2F5CE59629EF01F100CC2329 /* AboutViewController.swift */; };
		2F5CE59A29EF023500CC2329 /* AboutModel.swift in Sources */ = {isa = PBXBuildFile; fileRef = 2F5CE59929EF023500CC2329 /* AboutModel.swift */; };
		2F5CE59C29EF05ED00CC2329 /* DarkModeViewController.swift in Sources */ = {isa = PBXBuildFile; fileRef = 2F5CE59B29EF05ED00CC2329 /* DarkModeViewController.swift */; };
		2F9B11AA29EE6505007C9B88 /* MusicInfoViewController.swift in Sources */ = {isa = PBXBuildFile; fileRef = 2F9B11A929EE6505007C9B88 /* MusicInfoViewController.swift */; };
/* End PBXBuildFile section */

/* Begin PBXFileReference section */
		2F04170129EDC91900AEA96A /* MovieApp.app */ = {isa = PBXFileReference; explicitFileType = wrapper.application; includeInIndex = 0; path = MovieApp.app; sourceTree = BUILT_PRODUCTS_DIR; };
		2F04170429EDC91900AEA96A /* AppDelegate.swift */ = {isa = PBXFileReference; lastKnownFileType = sourcecode.swift; path = AppDelegate.swift; sourceTree = "<group>"; };
		2F04170629EDC91900AEA96A /* SceneDelegate.swift */ = {isa = PBXFileReference; lastKnownFileType = sourcecode.swift; path = SceneDelegate.swift; sourceTree = "<group>"; };
		2F04170B29EDC91900AEA96A /* Base */ = {isa = PBXFileReference; lastKnownFileType = file.storyboard; name = Base; path = Base.lproj/Main.storyboard; sourceTree = "<group>"; };
		2F04170D29EDC91A00AEA96A /* Assets.xcassets */ = {isa = PBXFileReference; lastKnownFileType = folder.assetcatalog; path = Assets.xcassets; sourceTree = "<group>"; };
		2F04171029EDC91A00AEA96A /* Base */ = {isa = PBXFileReference; lastKnownFileType = file.storyboard; name = Base; path = Base.lproj/LaunchScreen.storyboard; sourceTree = "<group>"; };
		2F04171229EDC91A00AEA96A /* Info.plist */ = {isa = PBXFileReference; lastKnownFileType = text.plist.xml; path = Info.plist; sourceTree = "<group>"; };
		2F04171D29EDC9FA00AEA96A /* MusicTableViewController.swift */ = {isa = PBXFileReference; lastKnownFileType = sourcecode.swift; path = MusicTableViewController.swift; sourceTree = "<group>"; };
		2F04172029EDCA7300AEA96A /* Music.swift */ = {isa = PBXFileReference; lastKnownFileType = sourcecode.swift; path = Music.swift; sourceTree = "<group>"; };
		2F04172229EDCADF00AEA96A /* Musicitem.swift */ = {isa = PBXFileReference; lastKnownFileType = sourcecode.swift; path = Musicitem.swift; sourceTree = "<group>"; };
		2F5CE58829EE74BE00CC2329 /* MovieTableViewController.swift */ = {isa = PBXFileReference; lastKnownFileType = sourcecode.swift; path = MovieTableViewController.swift; sourceTree = "<group>"; };
		2F5CE58B29EE755C00CC2329 /* MovieManager.swift */ = {isa = PBXFileReference; lastKnownFileType = sourcecode.swift; path = MovieManager.swift; sourceTree = "<group>"; };
		2F5CE58E29EE7BED00CC2329 /* Movie.swift */ = {isa = PBXFileReference; lastKnownFileType = sourcecode.swift; path = Movie.swift; sourceTree = "<group>"; };
		2F5CE59129EE813700CC2329 /* MovieTableViewCell.swift */ = {isa = PBXFileReference; lastKnownFileType = sourcecode.swift; path = MovieTableViewCell.swift; sourceTree = "<group>"; };
		2F5CE59329EEF8CF00CC2329 /* MovieInfoViewController.swift */ = {isa = PBXFileReference; lastKnownFileType = sourcecode.swift; path = MovieInfoViewController.swift; sourceTree = "<group>"; };
		2F5CE59629EF01F100CC2329 /* AboutViewController.swift */ = {isa = PBXFileReference; lastKnownFileType = sourcecode.swift; path = AboutViewController.swift; sourceTree = "<group>"; };
		2F5CE59929EF023500CC2329 /* AboutModel.swift */ = {isa = PBXFileReference; lastKnownFileType = sourcecode.swift; path = AboutModel.swift; sourceTree = "<group>"; };
		2F5CE59B29EF05ED00CC2329 /* DarkModeViewController.swift */ = {isa = PBXFileReference; lastKnownFileType = sourcecode.swift; path = DarkModeViewController.swift; sourceTree = "<group>"; };
		2F9B11A929EE6505007C9B88 /* MusicInfoViewController.swift */ = {isa = PBXFileReference; lastKnownFileType = sourcecode.swift; path = MusicInfoViewController.swift; sourceTree = "<group>"; };
/* End PBXFileReference section */

/* Begin PBXFrameworksBuildPhase section */
		2F0416FE29EDC91900AEA96A /* Frameworks */ = {
			isa = PBXFrameworksBuildPhase;
			buildActionMask = 2147483647;
			files = (
			);
			runOnlyForDeploymentPostprocessing = 0;
		};
/* End PBXFrameworksBuildPhase section */

/* Begin PBXGroup section */
		2F0416F829EDC91900AEA96A = {
			isa = PBXGroup;
			children = (
				2F04170329EDC91900AEA96A /* MovieApp */,
				2F04170229EDC91900AEA96A /* Products */,
			);
			sourceTree = "<group>";
		};
		2F04170229EDC91900AEA96A /* Products */ = {
			isa = PBXGroup;
			children = (
				2F04170129EDC91900AEA96A /* MovieApp.app */,
			);
			name = Products;
			sourceTree = "<group>";
		};
		2F04170329EDC91900AEA96A /* MovieApp */ = {
			isa = PBXGroup;
			children = (
				2F04171F29EDCA6100AEA96A /* Model */,
				2F04171C29EDC9A100AEA96A /* Controller */,
				2F04171829EDC94100AEA96A /* Delegates */,
				2F04171929EDC95300AEA96A /* View */,
				2F04170D29EDC91A00AEA96A /* Assets.xcassets */,
				2F04171229EDC91A00AEA96A /* Info.plist */,
			);
			path = MovieApp;
			sourceTree = "<group>";
		};
		2F04171829EDC94100AEA96A /* Delegates */ = {
			isa = PBXGroup;
			children = (
				2F04170429EDC91900AEA96A /* AppDelegate.swift */,
				2F04170629EDC91900AEA96A /* SceneDelegate.swift */,
			);
			path = Delegates;
			sourceTree = "<group>";
		};
		2F04171929EDC95300AEA96A /* View */ = {
			isa = PBXGroup;
			children = (
				2F04170A29EDC91900AEA96A /* Main.storyboard */,
				2F04170F29EDC91A00AEA96A /* LaunchScreen.storyboard */,
			);
			path = View;
			sourceTree = "<group>";
		};
		2F04171C29EDC9A100AEA96A /* Controller */ = {
			isa = PBXGroup;
			children = (
				2F5CE59529EF01D700CC2329 /* AboutController */,
				2F5CE58729EE749D00CC2329 /* MusicController */,
				2F5CE59029EE7C3F00CC2329 /* MovieController */,
			);
			path = Controller;
			sourceTree = "<group>";
		};
		2F04171F29EDCA6100AEA96A /* Model */ = {
			isa = PBXGroup;
			children = (
				2F5CE59829EF021900CC2329 /* AboutModel */,
				2F5CE58A29EE754500CC2329 /* MusicModel */,
				2F5CE58D29EE756000CC2329 /* MovieModel */,
			);
			path = Model;
			sourceTree = "<group>";
		};
		2F5CE58729EE749D00CC2329 /* MusicController */ = {
			isa = PBXGroup;
			children = (
				2F04171D29EDC9FA00AEA96A /* MusicTableViewController.swift */,
				2F9B11A929EE6505007C9B88 /* MusicInfoViewController.swift */,
			);
			path = MusicController;
			sourceTree = "<group>";
		};
		2F5CE58A29EE754500CC2329 /* MusicModel */ = {
			isa = PBXGroup;
			children = (
				2F04172029EDCA7300AEA96A /* Music.swift */,
				2F04172229EDCADF00AEA96A /* Musicitem.swift */,
			);
			path = MusicModel;
			sourceTree = "<group>";
		};
		2F5CE58D29EE756000CC2329 /* MovieModel */ = {
			isa = PBXGroup;
			children = (
				2F5CE58B29EE755C00CC2329 /* MovieManager.swift */,
				2F5CE58E29EE7BED00CC2329 /* Movie.swift */,
			);
			path = MovieModel;
			sourceTree = "<group>";
		};
		2F5CE59029EE7C3F00CC2329 /* MovieController */ = {
			isa = PBXGroup;
			children = (
				2F5CE58829EE74BE00CC2329 /* MovieTableViewController.swift */,
				2F5CE59129EE813700CC2329 /* MovieTableViewCell.swift */,
				2F5CE59329EEF8CF00CC2329 /* MovieInfoViewController.swift */,
			);
			path = MovieController;
			sourceTree = "<group>";
		};
		2F5CE59529EF01D700CC2329 /* AboutController */ = {
			isa = PBXGroup;
			children = (
				2F5CE59629EF01F100CC2329 /* AboutViewController.swift */,
				2F5CE59B29EF05ED00CC2329 /* DarkModeViewController.swift */,
			);
			path = AboutController;
			sourceTree = "<group>";
		};
		2F5CE59829EF021900CC2329 /* AboutModel */ = {
			isa = PBXGroup;
			children = (
				2F5CE59929EF023500CC2329 /* AboutModel.swift */,
			);
			path = AboutModel;
			sourceTree = "<group>";
		};
/* End PBXGroup section */

/* Begin PBXNativeTarget section */
		2F04170029EDC91900AEA96A /* MovieApp */ = {
			isa = PBXNativeTarget;
			buildConfigurationList = 2F04171529EDC91A00AEA96A /* Build configuration list for PBXNativeTarget "MovieApp" */;
			buildPhases = (
				2F0416FD29EDC91900AEA96A /* Sources */,
				2F0416FE29EDC91900AEA96A /* Frameworks */,
				2F0416FF29EDC91900AEA96A /* Resources */,
			);
			buildRules = (
			);
			dependencies = (
			);
			name = MovieApp;
			productName = MovieApp;
			productReference = 2F04170129EDC91900AEA96A /* MovieApp.app */;
			productType = "com.apple.product-type.application";
		};
/* End PBXNativeTarget section */

/* Begin PBXProject section */
		2F0416F929EDC91900AEA96A /* Project object */ = {
			isa = PBXProject;
			attributes = {
				BuildIndependentTargetsInParallel = 1;
				LastSwiftUpdateCheck = 1420;
				LastUpgradeCheck = 1420;
				TargetAttributes = {
					2F04170029EDC91900AEA96A = {
						CreatedOnToolsVersion = 14.2;
					};
				};
			};
			buildConfigurationList = 2F0416FC29EDC91900AEA96A /* Build configuration list for PBXProject "MovieApp" */;
			compatibilityVersion = "Xcode 14.0";
			developmentRegion = en;
			hasScannedForEncodings = 0;
			knownRegions = (
				en,
				Base,
			);
			mainGroup = 2F0416F829EDC91900AEA96A;
			productRefGroup = 2F04170229EDC91900AEA96A /* Products */;
			projectDirPath = "";
			projectRoot = "";
			targets = (
				2F04170029EDC91900AEA96A /* MovieApp */,
			);
		};
/* End PBXProject section */

/* Begin PBXResourcesBuildPhase section */
		2F0416FF29EDC91900AEA96A /* Resources */ = {
			isa = PBXResourcesBuildPhase;
			buildActionMask = 2147483647;
			files = (
				2F04171129EDC91A00AEA96A /* LaunchScreen.storyboard in Resources */,
				2F04170E29EDC91A00AEA96A /* Assets.xcassets in Resources */,
				2F04170C29EDC91900AEA96A /* Main.storyboard in Resources */,
			);
			runOnlyForDeploymentPostprocessing = 0;
		};
/* End PBXResourcesBuildPhase section */

/* Begin PBXSourcesBuildPhase section */
		2F0416FD29EDC91900AEA96A /* Sources */ = {
			isa = PBXSourcesBuildPhase;
			buildActionMask = 2147483647;
			files = (
				2F5CE59229EE813700CC2329 /* MovieTableViewCell.swift in Sources */,
				2F5CE59A29EF023500CC2329 /* AboutModel.swift in Sources */,
				2F5CE59429EEF8CF00CC2329 /* MovieInfoViewController.swift in Sources */,
				2F5CE58C29EE755C00CC2329 /* MovieManager.swift in Sources */,
				2F04170529EDC91900AEA96A /* AppDelegate.swift in Sources */,
				2F5CE58F29EE7BED00CC2329 /* Movie.swift in Sources */,
				2F04170729EDC91900AEA96A /* SceneDelegate.swift in Sources */,
				2F5CE59C29EF05ED00CC2329 /* DarkModeViewController.swift in Sources */,
				2F5CE59729EF01F100CC2329 /* AboutViewController.swift in Sources */,
				2F04172329EDCADF00AEA96A /* Musicitem.swift in Sources */,
				2F04171E29EDC9FA00AEA96A /* MusicTableViewController.swift in Sources */,
				2F9B11AA29EE6505007C9B88 /* MusicInfoViewController.swift in Sources */,
				2F04172129EDCA7300AEA96A /* Music.swift in Sources */,
				2F5CE58929EE74BE00CC2329 /* MovieTableViewController.swift in Sources */,
			);
			runOnlyForDeploymentPostprocessing = 0;
		};
/* End PBXSourcesBuildPhase section */

/* Begin PBXVariantGroup section */
		2F04170A29EDC91900AEA96A /* Main.storyboard */ = {
			isa = PBXVariantGroup;
			children = (
				2F04170B29EDC91900AEA96A /* Base */,
			);
			name = Main.storyboard;
			sourceTree = "<group>";
		};
		2F04170F29EDC91A00AEA96A /* LaunchScreen.storyboard */ = {
			isa = PBXVariantGroup;
			children = (
				2F04171029EDC91A00AEA96A /* Base */,
			);
			name = LaunchScreen.storyboard;
			sourceTree = "<group>";
		};
/* End PBXVariantGroup section */

/* Begin XCBuildConfiguration section */
		2F04171329EDC91A00AEA96A /* Debug */ = {
			isa = XCBuildConfiguration;
			buildSettings = {
				ALWAYS_SEARCH_USER_PATHS = NO;
				CLANG_ANALYZER_NONNULL = YES;
				CLANG_ANALYZER_NUMBER_OBJECT_CONVERSION = YES_AGGRESSIVE;
				CLANG_CXX_LANGUAGE_STANDARD = "gnu++20";
				CLANG_ENABLE_MODULES = YES;
				CLANG_ENABLE_OBJC_ARC = YES;
				CLANG_ENABLE_OBJC_WEAK = YES;
				CLANG_WARN_BLOCK_CAPTURE_AUTORELEASING = YES;
				CLANG_WARN_BOOL_CONVERSION = YES;
				CLANG_WARN_COMMA = YES;
				CLANG_WARN_CONSTANT_CONVERSION = YES;
				CLANG_WARN_DEPRECATED_OBJC_IMPLEMENTATIONS = YES;
				CLANG_WARN_DIRECT_OBJC_ISA_USAGE = YES_ERROR;
				CLANG_WARN_DOCUMENTATION_COMMENTS = YES;
				CLANG_WARN_EMPTY_BODY = YES;
				CLANG_WARN_ENUM_CONVERSION = YES;
				CLANG_WARN_INFINITE_RECURSION = YES;
				CLANG_WARN_INT_CONVERSION = YES;
				CLANG_WARN_NON_LITERAL_NULL_CONVERSION = YES;
				CLANG_WARN_OBJC_IMPLICIT_RETAIN_SELF = YES;
				CLANG_WARN_OBJC_LITERAL_CONVERSION = YES;
				CLANG_WARN_OBJC_ROOT_CLASS = YES_ERROR;
				CLANG_WARN_QUOTED_INCLUDE_IN_FRAMEWORK_HEADER = YES;
				CLANG_WARN_RANGE_LOOP_ANALYSIS = YES;
				CLANG_WARN_STRICT_PROTOTYPES = YES;
				CLANG_WARN_SUSPICIOUS_MOVE = YES;
				CLANG_WARN_UNGUARDED_AVAILABILITY = YES_AGGRESSIVE;
				CLANG_WARN_UNREACHABLE_CODE = YES;
				CLANG_WARN__DUPLICATE_METHOD_MATCH = YES;
				COPY_PHASE_STRIP = NO;
				DEBUG_INFORMATION_FORMAT = dwarf;
				ENABLE_STRICT_OBJC_MSGSEND = YES;
				ENABLE_TESTABILITY = YES;
				GCC_C_LANGUAGE_STANDARD = gnu11;
				GCC_DYNAMIC_NO_PIC = NO;
				GCC_NO_COMMON_BLOCKS = YES;
				GCC_OPTIMIZATION_LEVEL = 0;
				GCC_PREPROCESSOR_DEFINITIONS = (
					"DEBUG=1",
					"$(inherited)",
				);
				GCC_WARN_64_TO_32_BIT_CONVERSION = YES;
				GCC_WARN_ABOUT_RETURN_TYPE = YES_ERROR;
				GCC_WARN_UNDECLARED_SELECTOR = YES;
				GCC_WARN_UNINITIALIZED_AUTOS = YES_AGGRESSIVE;
				GCC_WARN_UNUSED_FUNCTION = YES;
				GCC_WARN_UNUSED_VARIABLE = YES;
				IPHONEOS_DEPLOYMENT_TARGET = 16.2;
				MTL_ENABLE_DEBUG_INFO = INCLUDE_SOURCE;
				MTL_FAST_MATH = YES;
				ONLY_ACTIVE_ARCH = YES;
				SDKROOT = iphoneos;
				SWIFT_ACTIVE_COMPILATION_CONDITIONS = DEBUG;
				SWIFT_OPTIMIZATION_LEVEL = "-Onone";
			};
			name = Debug;
		};
		2F04171429EDC91A00AEA96A /* Release */ = {
			isa = XCBuildConfiguration;
			buildSettings = {
				ALWAYS_SEARCH_USER_PATHS = NO;
				CLANG_ANALYZER_NONNULL = YES;
				CLANG_ANALYZER_NUMBER_OBJECT_CONVERSION = YES_AGGRESSIVE;
				CLANG_CXX_LANGUAGE_STANDARD = "gnu++20";
				CLANG_ENABLE_MODULES = YES;
				CLANG_ENABLE_OBJC_ARC = YES;
				CLANG_ENABLE_OBJC_WEAK = YES;
				CLANG_WARN_BLOCK_CAPTURE_AUTORELEASING = YES;
				CLANG_WARN_BOOL_CONVERSION = YES;
				CLANG_WARN_COMMA = YES;
				CLANG_WARN_CONSTANT_CONVERSION = YES;
				CLANG_WARN_DEPRECATED_OBJC_IMPLEMENTATIONS = YES;
				CLANG_WARN_DIRECT_OBJC_ISA_USAGE = YES_ERROR;
				CLANG_WARN_DOCUMENTATION_COMMENTS = YES;
				CLANG_WARN_EMPTY_BODY = YES;
				CLANG_WARN_ENUM_CONVERSION = YES;
				CLANG_WARN_INFINITE_RECURSION = YES;
				CLANG_WARN_INT_CONVERSION = YES;
				CLANG_WARN_NON_LITERAL_NULL_CONVERSION = YES;
				CLANG_WARN_OBJC_IMPLICIT_RETAIN_SELF = YES;
				CLANG_WARN_OBJC_LITERAL_CONVERSION = YES;
				CLANG_WARN_OBJC_ROOT_CLASS = YES_ERROR;
				CLANG_WARN_QUOTED_INCLUDE_IN_FRAMEWORK_HEADER = YES;
				CLANG_WARN_RANGE_LOOP_ANALYSIS = YES;
				CLANG_WARN_STRICT_PROTOTYPES = YES;
				CLANG_WARN_SUSPICIOUS_MOVE = YES;
				CLANG_WARN_UNGUARDED_AVAILABILITY = YES_AGGRESSIVE;
				CLANG_WARN_UNREACHABLE_CODE = YES;
				CLANG_WARN__DUPLICATE_METHOD_MATCH = YES;
				COPY_PHASE_STRIP = NO;
				DEBUG_INFORMATION_FORMAT = "dwarf-with-dsym";
				ENABLE_NS_ASSERTIONS = NO;
				ENABLE_STRICT_OBJC_MSGSEND = YES;
				GCC_C_LANGUAGE_STANDARD = gnu11;
				GCC_NO_COMMON_BLOCKS = YES;
				GCC_WARN_64_TO_32_BIT_CONVERSION = YES;
				GCC_WARN_ABOUT_RETURN_TYPE = YES_ERROR;
				GCC_WARN_UNDECLARED_SELECTOR = YES;
				GCC_WARN_UNINITIALIZED_AUTOS = YES_AGGRESSIVE;
				GCC_WARN_UNUSED_FUNCTION = YES;
				GCC_WARN_UNUSED_VARIABLE = YES;
				IPHONEOS_DEPLOYMENT_TARGET = 16.2;
				MTL_ENABLE_DEBUG_INFO = NO;
				MTL_FAST_MATH = YES;
				SDKROOT = iphoneos;
				SWIFT_COMPILATION_MODE = wholemodule;
				SWIFT_OPTIMIZATION_LEVEL = "-O";
				VALIDATE_PRODUCT = YES;
			};
			name = Release;
		};
		2F04171629EDC91A00AEA96A /* Debug */ = {
			isa = XCBuildConfiguration;
			buildSettings = {
				ASSETCATALOG_COMPILER_APPICON_NAME = AppIcon;
				ASSETCATALOG_COMPILER_GLOBAL_ACCENT_COLOR_NAME = AccentColor;
				CODE_SIGN_STYLE = Automatic;
				CURRENT_PROJECT_VERSION = 1;
				GENERATE_INFOPLIST_FILE = YES;
				INFOPLIST_FILE = MovieApp/Info.plist;
				INFOPLIST_KEY_UIApplicationSupportsIndirectInputEvents = YES;
				INFOPLIST_KEY_UILaunchStoryboardName = LaunchScreen;
				INFOPLIST_KEY_UIMainStoryboardFile = Main;
				INFOPLIST_KEY_UISupportedInterfaceOrientations = UIInterfaceOrientationPortrait;
				INFOPLIST_KEY_UISupportedInterfaceOrientations_iPad = "UIInterfaceOrientationLandscapeLeft UIInterfaceOrientationLandscapeRight UIInterfaceOrientationPortrait UIInterfaceOrientationPortraitUpsideDown";
				LD_RUNPATH_SEARCH_PATHS = (
					"$(inherited)",
					"@executable_path/Frameworks",
				);
				MARKETING_VERSION = 1.0;
				PRODUCT_BUNDLE_IDENTIFIER = denisChernov.MovieApp;
				PRODUCT_NAME = "$(TARGET_NAME)";
				SWIFT_EMIT_LOC_STRINGS = YES;
				SWIFT_VERSION = 5.0;
				TARGETED_DEVICE_FAMILY = "1,2";
			};
			name = Debug;
		};
		2F04171729EDC91A00AEA96A /* Release */ = {
			isa = XCBuildConfiguration;
			buildSettings = {
				ASSETCATALOG_COMPILER_APPICON_NAME = AppIcon;
				ASSETCATALOG_COMPILER_GLOBAL_ACCENT_COLOR_NAME = AccentColor;
				CODE_SIGN_STYLE = Automatic;
				CURRENT_PROJECT_VERSION = 1;
				GENERATE_INFOPLIST_FILE = YES;
				INFOPLIST_FILE = MovieApp/Info.plist;
				INFOPLIST_KEY_UIApplicationSupportsIndirectInputEvents = YES;
				INFOPLIST_KEY_UILaunchStoryboardName = LaunchScreen;
				INFOPLIST_KEY_UIMainStoryboardFile = Main;
				INFOPLIST_KEY_UISupportedInterfaceOrientations = UIInterfaceOrientationPortrait;
				INFOPLIST_KEY_UISupportedInterfaceOrientations_iPad = "UIInterfaceOrientationLandscapeLeft UIInterfaceOrientationLandscapeRight UIInterfaceOrientationPortrait UIInterfaceOrientationPortraitUpsideDown";
				LD_RUNPATH_SEARCH_PATHS = (
					"$(inherited)",
					"@executable_path/Frameworks",
				);
				MARKETING_VERSION = 1.0;
				PRODUCT_BUNDLE_IDENTIFIER = denisChernov.MovieApp;
				PRODUCT_NAME = "$(TARGET_NAME)";
				SWIFT_EMIT_LOC_STRINGS = YES;
				SWIFT_VERSION = 5.0;
				TARGETED_DEVICE_FAMILY = "1,2";
			};
			name = Release;
		};
/* End XCBuildConfiguration section */

/* Begin XCConfigurationList section */
		2F0416FC29EDC91900AEA96A /* Build configuration list for PBXProject "MovieApp" */ = {
			isa = XCConfigurationList;
			buildConfigurations = (
				2F04171329EDC91A00AEA96A /* Debug */,
				2F04171429EDC91A00AEA96A /* Release */,
			);
			defaultConfigurationIsVisible = 0;
			defaultConfigurationName = Release;
		};
		2F04171529EDC91A00AEA96A /* Build configuration list for PBXNativeTarget "MovieApp" */ = {
			isa = XCConfigurationList;
			buildConfigurations = (
				2F04171629EDC91A00AEA96A /* Debug */,
				2F04171729EDC91A00AEA96A /* Release */,
			);
			defaultConfigurationIsVisible = 0;
			defaultConfigurationName = Release;
		};
/* End XCConfigurationList section */
	};
	rootObject = 2F0416F929EDC91900AEA96A /* Project object */;
}
